
Microsoft Visual Studio Solution File, Format Version 12.00
# Visual Studio Version 17
VisualStudioVersion = 17.0.31903.59
MinimumVisualStudioVersion = 10.0.40219.1
Project("{FAE04EC0-301F-11D3-BF4B-00C04F79EFBC}") = "DataAccess", "DataAccess\DataAccess.csproj", "{675A04C3-42CA-46AA-ADBC-64A697595B4B}"
EndProject
Project("{FAE04EC0-301F-11D3-BF4B-00C04F79EFBC}") = "Presentation", "Presentation\Presentation.csproj", "{68E9AC91-8E4F-4297-8733-5C4BE3C730BB}"
EndProject
Global
	GlobalSection(SolutionConfigurationPlatforms) = preSolution
		Debug|Any CPU = Debug|Any CPU
		Release|Any CPU = Release|Any CPU
	EndGlobalSection
	GlobalSection(ProjectConfigurationPlatforms) = postSolution
		{675A04C3-42CA-46AA-ADBC-64A697595B4B}.Debug|Any CPU.ActiveCfg = Debug|Any CPU
		{675A04C3-42CA-46AA-ADBC-64A697595B4B}.Debug|Any CPU.Build.0 = Debug|Any CPU
		{675A04C3-42CA-46AA-ADBC-64A697595B4B}.Release|Any CPU.ActiveCfg = Release|Any CPU
		{675A04C3-42CA-46AA-ADBC-64A697595B4B}.Release|Any CPU.Build.0 = Release|Any CPU
		{68E9AC91-8E4F-4297-8733-5C4BE3C730BB}.Debug|Any CPU.ActiveCfg = Debug|Any CPU
		{68E9AC91-8E4F-4297-8733-5C4BE3C730BB}.Debug|Any CPU.Build.0 = Debug|Any CPU
		{68E9AC91-8E4F-4297-8733-5C4BE3C730BB}.Release|Any CPU.ActiveCfg = Release|Any CPU
		{68E9AC91-8E4F-4297-8733-5C4BE3C730BB}.Release|Any CPU.Build.0 = Release|Any CPU
	EndGlobalSection
	GlobalSection(SolutionProperties) = preSolution
		HideSolutionNode = FALSE
	EndGlobalSection
	GlobalSection(ExtensibilityGlobals) = postSolution
		SolutionGuid = {DBCE28D6-42C6-4AA7-A3DE-7239D09E02A6}
	EndGlobalSection
EndGlobal
